{
    "version": 3,
    "terraform_version": "0.11.14",
    "serial": 2,
    "lineage": "4d5eb5aa-c4f5-3391-077e-88da71444ead",
    "modules": [
        {
            "path": [
                "root"
            ],
            "outputs": {},
            "resources": {
                "aws_internet_gateway.default": {
                    "type": "aws_internet_gateway",
                    "depends_on": [
                        "aws_vpc.default"
                    ],
                    "primary": {
                        "id": "igw-0d69431d098d0caf7",
                        "attributes": {
                            "id": "igw-0d69431d098d0caf7",
                            "owner_id": "286128026271",
                            "tags.%": "1",
                            "tags.Name": "terraform-aws-igw",
                            "vpc_id": "vpc-08a7a21f0ab0e837d"
                        },
                        "meta": {},
                        "tainted": false
                    },
                    "deposed": [],
                    "provider": "provider.aws"
                },
                "aws_route_table.terraform-public": {
                    "type": "aws_route_table",
                    "depends_on": [
                        "aws_internet_gateway.default",
                        "aws_vpc.default"
                    ],
                    "primary": {
                        "id": "rtb-0f2bfc639dc2a452f",
                        "attributes": {
                            "id": "rtb-0f2bfc639dc2a452f",
                            "owner_id": "286128026271",
                            "propagating_vgws.#": "0",
                            "route.#": "1",
                            "route.4286288769.cidr_block": "0.0.0.0/0",
                            "route.4286288769.egress_only_gateway_id": "",
                            "route.4286288769.gateway_id": "igw-0d69431d098d0caf7",
                            "route.4286288769.instance_id": "",
                            "route.4286288769.ipv6_cidr_block": "",
                            "route.4286288769.nat_gateway_id": "",
                            "route.4286288769.network_interface_id": "",
                            "route.4286288769.transit_gateway_id": "",
                            "route.4286288769.vpc_peering_connection_id": "",
                            "tags.%": "1",
                            "tags.Name": "Terraform_Main_table-testing",
                            "vpc_id": "vpc-08a7a21f0ab0e837d"
                        },
                        "meta": {},
                        "tainted": false
                    },
                    "deposed": [],
                    "provider": "provider.aws"
                },
                "aws_route_table_association.terraform-public": {
                    "type": "aws_route_table_association",
                    "depends_on": [
                        "aws_route_table.terraform-public",
                        "aws_subnet.subnet1-public"
                    ],
                    "primary": {
                        "id": "rtbassoc-0199f41df693f895d",
                        "attributes": {
                            "id": "rtbassoc-0199f41df693f895d",
                            "route_table_id": "rtb-0f2bfc639dc2a452f",
                            "subnet_id": "subnet-04cc5a8e494ca13d4"
                        },
                        "meta": {},
                        "tainted": false
                    },
                    "deposed": [],
                    "provider": "provider.aws"
                },
                "aws_security_group.allow_all": {
                    "type": "aws_security_group",
                    "depends_on": [
                        "aws_vpc.default"
                    ],
                    "primary": {
                        "id": "sg-08f16f4e08cd32aeb",
                        "attributes": {
                            "arn": "arn:aws:ec2:us-east-1:286128026271:security-group/sg-08f16f4e08cd32aeb",
                            "description": "Allow all inbound traffic",
                            "egress.#": "1",
                            "egress.482069346.cidr_blocks.#": "1",
                            "egress.482069346.cidr_blocks.0": "0.0.0.0/0",
                            "egress.482069346.description": "",
                            "egress.482069346.from_port": "0",
                            "egress.482069346.ipv6_cidr_blocks.#": "0",
                            "egress.482069346.prefix_list_ids.#": "0",
                            "egress.482069346.protocol": "-1",
                            "egress.482069346.security_groups.#": "0",
                            "egress.482069346.self": "false",
                            "egress.482069346.to_port": "0",
                            "id": "sg-08f16f4e08cd32aeb",
                            "ingress.#": "1",
                            "ingress.482069346.cidr_blocks.#": "1",
                            "ingress.482069346.cidr_blocks.0": "0.0.0.0/0",
                            "ingress.482069346.description": "",
                            "ingress.482069346.from_port": "0",
                            "ingress.482069346.ipv6_cidr_blocks.#": "0",
                            "ingress.482069346.prefix_list_ids.#": "0",
                            "ingress.482069346.protocol": "-1",
                            "ingress.482069346.security_groups.#": "0",
                            "ingress.482069346.self": "false",
                            "ingress.482069346.to_port": "0",
                            "name": "allow_all",
                            "owner_id": "286128026271",
                            "revoke_rules_on_delete": "false",
                            "tags.%": "0",
                            "vpc_id": "vpc-08a7a21f0ab0e837d"
                        },
                        "meta": {
                            "e2bfb730-ecaa-11e6-8f88-34363bc7c4c0": {
                                "create": 600000000000,
                                "delete": 600000000000
                            },
                            "schema_version": "1"
                        },
                        "tainted": false
                    },
                    "deposed": [],
                    "provider": "provider.aws"
                },
                "aws_subnet.subnet1-public": {
                    "type": "aws_subnet",
                    "depends_on": [
                        "aws_vpc.default"
                    ],
                    "primary": {
                        "id": "subnet-04cc5a8e494ca13d4",
                        "attributes": {
                            "arn": "arn:aws:ec2:us-east-1:286128026271:subnet/subnet-04cc5a8e494ca13d4",
                            "assign_ipv6_address_on_creation": "false",
                            "availability_zone": "us-east-1a",
                            "availability_zone_id": "use1-az2",
                            "cidr_block": "10.1.1.0/24",
                            "id": "subnet-04cc5a8e494ca13d4",
                            "ipv6_cidr_block": "",
                            "ipv6_cidr_block_association_id": "",
                            "map_public_ip_on_launch": "false",
                            "owner_id": "286128026271",
                            "tags.%": "1",
                            "tags.Name": "Terraform_Public_Subnet1-testing",
                            "vpc_id": "vpc-08a7a21f0ab0e837d"
                        },
                        "meta": {
                            "e2bfb730-ecaa-11e6-8f88-34363bc7c4c0": {
                                "create": 600000000000,
                                "delete": 600000000000
                            },
                            "schema_version": "1"
                        },
                        "tainted": false
                    },
                    "deposed": [],
                    "provider": "provider.aws"
                },
                "aws_subnet.subnet2-public": {
                    "type": "aws_subnet",
                    "depends_on": [
                        "aws_vpc.default"
                    ],
                    "primary": {
                        "id": "subnet-0e4b663ee3d9bee7c",
                        "attributes": {
                            "arn": "arn:aws:ec2:us-east-1:286128026271:subnet/subnet-0e4b663ee3d9bee7c",
                            "assign_ipv6_address_on_creation": "false",
                            "availability_zone": "us-east-1b",
                            "availability_zone_id": "use1-az4",
                            "cidr_block": "10.1.2.0/24",
                            "id": "subnet-0e4b663ee3d9bee7c",
                            "ipv6_cidr_block": "",
                            "ipv6_cidr_block_association_id": "",
                            "map_public_ip_on_launch": "false",
                            "owner_id": "286128026271",
                            "tags.%": "1",
                            "tags.Name": "Terraform_Public_Subnet2-testing",
                            "vpc_id": "vpc-08a7a21f0ab0e837d"
                        },
                        "meta": {
                            "e2bfb730-ecaa-11e6-8f88-34363bc7c4c0": {
                                "create": 600000000000,
                                "delete": 600000000000
                            },
                            "schema_version": "1"
                        },
                        "tainted": false
                    },
                    "deposed": [],
                    "provider": "provider.aws"
                },
                "aws_subnet.subnet3-public": {
                    "type": "aws_subnet",
                    "depends_on": [
                        "aws_vpc.default"
                    ],
                    "primary": {
                        "id": "subnet-066b6227840ec0823",
                        "attributes": {
                            "arn": "arn:aws:ec2:us-east-1:286128026271:subnet/subnet-066b6227840ec0823",
                            "assign_ipv6_address_on_creation": "false",
                            "availability_zone": "us-east-1c",
                            "availability_zone_id": "use1-az6",
                            "cidr_block": "10.1.3.0/24",
                            "id": "subnet-066b6227840ec0823",
                            "ipv6_cidr_block": "",
                            "ipv6_cidr_block_association_id": "",
                            "map_public_ip_on_launch": "false",
                            "owner_id": "286128026271",
                            "tags.%": "1",
                            "tags.Name": "Terraform_Public_Subnet3-testing",
                            "vpc_id": "vpc-08a7a21f0ab0e837d"
                        },
                        "meta": {
                            "e2bfb730-ecaa-11e6-8f88-34363bc7c4c0": {
                                "create": 600000000000,
                                "delete": 600000000000
                            },
                            "schema_version": "1"
                        },
                        "tainted": false
                    },
                    "deposed": [],
                    "provider": "provider.aws"
                },
                "aws_vpc.default": {
                    "type": "aws_vpc",
                    "depends_on": [],
                    "primary": {
                        "id": "vpc-08a7a21f0ab0e837d",
                        "attributes": {
                            "arn": "arn:aws:ec2:us-east-1:286128026271:vpc/vpc-08a7a21f0ab0e837d",
                            "assign_generated_ipv6_cidr_block": "false",
                            "cidr_block": "10.1.0.0/16",
                            "default_network_acl_id": "acl-02e979df7ebc9f341",
                            "default_route_table_id": "rtb-021cca22fc3810cc7",
                            "default_security_group_id": "sg-0b922e1520d76ff1c",
                            "dhcp_options_id": "dopt-90e9a8eb",
                            "enable_classiclink": "false",
                            "enable_classiclink_dns_support": "false",
                            "enable_dns_hostnames": "true",
                            "enable_dns_support": "true",
                            "id": "vpc-08a7a21f0ab0e837d",
                            "instance_tenancy": "default",
                            "ipv6_association_id": "",
                            "ipv6_cidr_block": "",
                            "main_route_table_id": "rtb-021cca22fc3810cc7",
                            "owner_id": "286128026271",
                            "tags.%": "1",
                            "tags.Name": "terraform-aws-testing"
                        },
                        "meta": {
                            "schema_version": "1"
                        },
                        "tainted": false
                    },
                    "deposed": [],
                    "provider": "provider.aws"
                }
            },
            "depends_on": []
        }
    ]
}
